{
    "_readme": [
        "This file locks the dependencies of your project to a known state",
        "Read more about it at http://getcomposer.org/doc/01-basic-usage.md#composer-lock-the-lock-file"
    ],
    "hash": "4681a892cf6da58cc4b04a1a4b09f7e3",
    "packages": [
        {
            "name": "guzzle/guzzle",
            "version": "v3.7.2",
            "source": {
                "type": "git",
                "url": "https://github.com/guzzle/guzzle.git",
                "reference": "eaef90d27bb1d682e1f6ab2d77606dc0159049e6"
            },
            "dist": {
                "type": "zip",
                "url": "https://api.github.com/repos/guzzle/guzzle/zipball/eaef90d27bb1d682e1f6ab2d77606dc0159049e6",
                "reference": "eaef90d27bb1d682e1f6ab2d77606dc0159049e6",
                "shasum": ""
            },
            "require": {
                "ext-curl": "*",
                "php": ">=5.3.2",
                "symfony/event-dispatcher": ">=2.1"
            },
            "replace": {
                "guzzle/batch": "self.version",
                "guzzle/cache": "self.version",
                "guzzle/common": "self.version",
                "guzzle/http": "self.version",
                "guzzle/inflection": "self.version",
                "guzzle/iterator": "self.version",
                "guzzle/log": "self.version",
                "guzzle/parser": "self.version",
                "guzzle/plugin": "self.version",
                "guzzle/plugin-async": "self.version",
                "guzzle/plugin-backoff": "self.version",
                "guzzle/plugin-cache": "self.version",
                "guzzle/plugin-cookie": "self.version",
                "guzzle/plugin-curlauth": "self.version",
                "guzzle/plugin-error-response": "self.version",
                "guzzle/plugin-history": "self.version",
                "guzzle/plugin-log": "self.version",
                "guzzle/plugin-md5": "self.version",
                "guzzle/plugin-mock": "self.version",
                "guzzle/plugin-oauth": "self.version",
                "guzzle/service": "self.version",
                "guzzle/stream": "self.version"
            },
            "require-dev": {
                "doctrine/cache": "*",
                "monolog/monolog": "1.*",
                "phpunit/phpunit": "3.7.*",
                "psr/log": "1.0.*",
                "symfony/class-loader": "*",
                "zendframework/zend-cache": "2.0.*",
                "zendframework/zend-log": "2.0.*"
            },
            "type": "library",
            "extra": {
                "branch-alias": {
                    "dev-master": "3.7-dev"
                }
            },
            "autoload": {
                "psr-0": {
                    "Guzzle\\Tests": "tests/",
                    "Guzzle": "src/"
                }
            },
            "notification-url": "https://packagist.org/downloads/",
            "license": [
                "MIT"
            ],
            "authors": [
                {
                    "name": "Michael Dowling",
                    "email": "mtdowling@gmail.com",
                    "homepage": "https://github.com/mtdowling"
                },
                {
                    "name": "Guzzle Community",
                    "homepage": "https://github.com/guzzle/guzzle/contributors"
                }
            ],
            "description": "Guzzle is a PHP HTTP client library and framework for building RESTful web service clients",
            "homepage": "http://guzzlephp.org/",
            "keywords": [
                "client",
                "curl",
                "framework",
                "http",
                "http client",
                "rest",
                "web service"
            ],
            "time": "2013-08-02 18:31:05"
        },
        {
            "name": "mf2/mf2",
            "version": "v0.1.19",
            "source": {
                "type": "git",
                "url": "https://github.com/indieweb/php-mf2.git",
                "reference": "5c2ef4cc8f095f391660fd356911ef21b39f0eec"
            },
            "dist": {
                "type": "zip",
                "url": "https://api.github.com/repos/indieweb/php-mf2/zipball/5c2ef4cc8f095f391660fd356911ef21b39f0eec",
                "reference": "5c2ef4cc8f095f391660fd356911ef21b39f0eec",
                "shasum": ""
            },
            "require": {
                "php": ">=5.3.0",
                "webignition/absolute-url-deriver": "1.3.*@stable"
            },
            "require-dev": {
                "phpunit/phpunit": "3.7.*"
            },
            "suggest": {
                "barnabywalters/mf-cleaner": "To more easily handle the canonical data php-mf2 gives you"
            },
            "type": "library",
            "autoload": {
                "psr-0": {
                    "mf2\\Parser": ""
                }
            },
            "notification-url": "https://packagist.org/downloads/",
            "license": [
                "MIT"
            ],
            "authors": [
                {
                    "name": "Barnaby Walters",
                    "homepage": "http://waterpigs.co.uk"
                }
            ],
            "description": "A pure (generic) microformats-2 parser",
            "keywords": [
                "microformats",
                "microformats 2",
                "parser",
                "semantic"
            ],
            "time": "2013-07-11 14:20:11"
        },
        {
            "name": "symfony/event-dispatcher",
            "version": "v2.3.4",
            "target-dir": "Symfony/Component/EventDispatcher",
            "source": {
                "type": "git",
                "url": "https://github.com/symfony/EventDispatcher.git",
                "reference": "41c9826457c65fa3cf746f214985b7ca9cba42f8"
            },
            "dist": {
                "type": "zip",
                "url": "https://api.github.com/repos/symfony/EventDispatcher/zipball/41c9826457c65fa3cf746f214985b7ca9cba42f8",
                "reference": "41c9826457c65fa3cf746f214985b7ca9cba42f8",
                "shasum": ""
            },
            "require": {
                "php": ">=5.3.3"
            },
            "require-dev": {
                "symfony/dependency-injection": "~2.0"
            },
            "suggest": {
                "symfony/dependency-injection": "",
                "symfony/http-kernel": ""
            },
            "type": "library",
            "extra": {
                "branch-alias": {
                    "dev-master": "2.3-dev"
                }
            },
            "autoload": {
                "psr-0": {
                    "Symfony\\Component\\EventDispatcher\\": ""
                }
            },
            "notification-url": "https://packagist.org/downloads/",
            "license": [
                "MIT"
            ],
            "authors": [
                {
                    "name": "Fabien Potencier",
                    "email": "fabien@symfony.com"
                },
                {
                    "name": "Symfony Community",
                    "homepage": "http://symfony.com/contributors"
                }
            ],
            "description": "Symfony EventDispatcher Component",
            "homepage": "http://symfony.com",
            "time": "2013-07-21 12:12:18"
        },
        {
            "name": "webignition/absolute-url-deriver",
            "version": "1.3",
            "source": {
                "type": "git",
                "url": "https://github.com/webignition/absolute-url-deriver.git",
                "reference": "65d31ed68ae3033c70263d15b5966f799168b9dd"
            },
            "dist": {
                "type": "zip",
                "url": "https://api.github.com/repos/webignition/absolute-url-deriver/zipball/65d31ed68ae3033c70263d15b5966f799168b9dd",
                "reference": "65d31ed68ae3033c70263d15b5966f799168b9dd",
                "shasum": ""
            },
            "require": {
                "php": ">=5.3.0",
                "webignition/url": ">=1.1"
            },
            "type": "library",
            "autoload": {
                "psr-0": {
                    "": "src/"
                }
            },
            "notification-url": "https://packagist.org/downloads/",
            "license": [
                "MIT"
            ],
            "authors": [
                {
                    "name": "Jon Cram",
                    "email": "jon@webignition.net"
                }
            ],
            "description": "Derives an absolute URL from relative and source URLs",
            "homepage": "https://github.com/webignition/absolute-url-deriver",
            "keywords": [
                "absolute",
                "url"
            ],
            "time": "2013-03-18 12:54:57"
        },
        {
            "name": "webignition/url",
            "version": "1.4.1",
            "source": {
                "type": "git",
                "url": "https://github.com/webignition/url.git",
                "reference": "2280e4d31c7ff31c621bf24eb97081578f05fda4"
            },
            "dist": {
                "type": "zip",
                "url": "https://api.github.com/repos/webignition/url/zipball/2280e4d31c7ff31c621bf24eb97081578f05fda4",
                "reference": "2280e4d31c7ff31c621bf24eb97081578f05fda4",
                "shasum": ""
            },
            "require": {
                "php": ">=5.3.0"
            },
            "type": "library",
            "autoload": {
                "psr-0": {
                    "": "src/"
                }
            },
            "notification-url": "https://packagist.org/downloads/",
            "license": [
                "MIT"
            ],
            "authors": [
                {
                    "name": "Jon Cram",
                    "email": "jon@webignition.net"
                }
            ],
            "description": "Represents a URL, a library to be used in many other places. Applies semantically-lossless normalisation for comparisons.",
            "homepage": "https://github.com/webignition/url",
            "keywords": [
                "url"
            ],
            "time": "2012-10-19 11:50:16"
        }
    ],
    "packages-dev": [

    ],
    "aliases": [

    ],
    "minimum-stability": "stable",
    "stability-flags": [

    ],
    "platform": [

    ],
    "platform-dev": [

    ]
}
